<?xml version="1.0" encoding="utf-8"?>
<Project ToolsVersion="4.0" xmlns="http://schemas.microsoft.com/developer/msbuild/2003">
  <ItemGroup>
    <Filter Include="KamataEngine">
      <UniqueIdentifier>{4FC737F1-C7A5-4376-A066-2A32D752A2FF}</UniqueIdentifier>
      <Extensions>cpp;c;cc;cxx;c++;cppm;ixx;def;odl;idl;hpj;bat;asm;asmx</Extensions>
    </Filter>
    <Filter Include="KamataEngine\Source">
      <UniqueIdentifier>{d966e9f8-e880-44ae-8586-a08515e4cffc}</UniqueIdentifier>
    </Filter>
    <Filter Include="KamataEngine\Include">
      <UniqueIdentifier>{4aae4e40-94f7-4d32-9a91-c0c37a2edf0d}</UniqueIdentifier>
    </Filter>
    <Filter Include="KamataEngine\Adapter">
      <UniqueIdentifier>{c6468eb4-788b-4a83-b207-a5f4804e56c5}</UniqueIdentifier>
    </Filter>
    <Filter Include="Scene">
      <UniqueIdentifier>{feb51cb0-f909-4b86-94df-17874bf7b414}</UniqueIdentifier>
    </Filter>
    <Filter Include="Scene\Scene_Base">
      <UniqueIdentifier>{cfea14ad-2ebf-4353-8fbb-73f4e92d15cd}</UniqueIdentifier>
    </Filter>
    <Filter Include="Scene\Scene_Title">
      <UniqueIdentifier>{796f5ee2-74fe-4531-9390-6cb61b38edc6}</UniqueIdentifier>
    </Filter>
    <Filter Include="Scene\Scene_Game">
      <UniqueIdentifier>{df74a92e-5045-4980-9c19-e2f1270a2e33}</UniqueIdentifier>
    </Filter>
    <Filter Include="Manager">
      <UniqueIdentifier>{98aec42a-8f6b-4213-bccd-e7b17ad62285}</UniqueIdentifier>
    </Filter>
    <Filter Include="Manager\SceneManager">
      <UniqueIdentifier>{8d5c7f26-2c1d-4f44-ad72-5a8d17466173}</UniqueIdentifier>
    </Filter>
    <Filter Include="Manager\ImGuiManager">
      <UniqueIdentifier>{c8fb46b2-68b9-4258-92c2-d067a0050a62}</UniqueIdentifier>
    </Filter>
    <Filter Include="MyMath">
      <UniqueIdentifier>{fcdbdde7-8e19-4f4c-9f11-cebf0f80e81c}</UniqueIdentifier>
    </Filter>
    <Filter Include="MyMath\Vector">
      <UniqueIdentifier>{5cd960ac-ca5f-4630-a2ad-994f16df8f3f}</UniqueIdentifier>
    </Filter>
    <Filter Include="MyMath\MyVector">
      <UniqueIdentifier>{69c9d4da-0479-4794-8f16-84bfcd50e38b}</UniqueIdentifier>
    </Filter>
    <Filter Include="MyMath\Matrix">
      <UniqueIdentifier>{9af94c26-d816-49d7-9d2b-9d75ed8a4e9d}</UniqueIdentifier>
    </Filter>
    <Filter Include="MyMath\MyMatrix">
      <UniqueIdentifier>{cc8bab47-a354-49b2-b189-4f9f161139f7}</UniqueIdentifier>
    </Filter>
    <Filter Include="Object">
      <UniqueIdentifier>{15a7755b-7e51-4b9b-b933-af2c39b0714a}</UniqueIdentifier>
    </Filter>
    <Filter Include="Object\Object">
      <UniqueIdentifier>{054b921e-637f-4c47-b3b2-f664390f1348}</UniqueIdentifier>
    </Filter>
    <Filter Include="Object\Player">
      <UniqueIdentifier>{cb9c7915-9f4e-446b-8302-6a8859a4c637}</UniqueIdentifier>
    </Filter>
    <Filter Include="Object\Player\Player_Bullet">
      <UniqueIdentifier>{f907a21a-96a0-47fc-bb5e-3798ab340d9a}</UniqueIdentifier>
    </Filter>
    <Filter Include="MyMath\Color">
      <UniqueIdentifier>{8db32d31-68be-4757-88fc-b8d62ee5a55f}</UniqueIdentifier>
    </Filter>
    <Filter Include="MyMath\Vertex">
      <UniqueIdentifier>{e2631842-9d69-481e-907b-8c5e0284c02b}</UniqueIdentifier>
    </Filter>
    <Filter Include="Game">
      <UniqueIdentifier>{86d74374-abde-4078-9d14-2643219ec656}</UniqueIdentifier>
    </Filter>
    <Filter Include="Object\Enemy">
      <UniqueIdentifier>{59146ea9-957e-4b6b-a238-9f6e6cd19fa4}</UniqueIdentifier>
    </Filter>
    <Filter Include="Manager\CollisionManager">
      <UniqueIdentifier>{cc01d81d-35b4-4a09-b393-54601b0bc7ec}</UniqueIdentifier>
    </Filter>
    <Filter Include="Collider">
      <UniqueIdentifier>{ac724f18-2b9d-4aca-9c26-cafe0a13532e}</UniqueIdentifier>
    </Filter>
  </ItemGroup>
  <ItemGroup>
    <ClCompile Include="C:\KamataEngine\DirectXGame\base\DirectXCommon.cpp">
      <Filter>KamataEngine\Source</Filter>
    </ClCompile>
    <ClCompile Include="C:\KamataEngine\DirectXGame\base\TextureManager.cpp">
      <Filter>KamataEngine\Source</Filter>
    </ClCompile>
    <ClCompile Include="C:\KamataEngine\DirectXGame\scene\GameScene.cpp">
      <Filter>KamataEngine\Source</Filter>
    </ClCompile>
    <ClCompile Include="C:\KamataEngine\DirectXGame\base\WinApp.cpp">
      <Filter>KamataEngine\Source</Filter>
    </ClCompile>
    <ClCompile Include="main.cpp" />
    <ClCompile Include="C:\KamataEngine\Adapter\Novice.cpp">
      <Filter>KamataEngine\Adapter</Filter>
    </ClCompile>
    <ClCompile Include="C:\KamataEngine\DirectXGame\base\StringUtility.cpp">
      <Filter>KamataEngine\Source</Filter>
    </ClCompile>
    <ClCompile Include="Scene_Base.cpp">
      <Filter>Scene\Scene_Base</Filter>
    </ClCompile>
    <ClCompile Include="Scene_Title.cpp">
      <Filter>Scene\Scene_Title</Filter>
    </ClCompile>
    <ClCompile Include="Scene_Game.cpp">
      <Filter>Scene\Scene_Game</Filter>
    </ClCompile>
    <ClCompile Include="SceneManager.cpp">
      <Filter>Manager\SceneManager</Filter>
    </ClCompile>
    <ClCompile Include="C:\KamataEngine\DirectXGame\2d\ImGuiManager.cpp">
      <Filter>Manager\ImGuiManager</Filter>
    </ClCompile>
    <ClCompile Include="Vec2.cpp">
      <Filter>MyMath\MyVector</Filter>
    </ClCompile>
    <ClCompile Include="Object.cpp">
      <Filter>Object\Object</Filter>
    </ClCompile>
    <ClCompile Include="Matrix3x3.cpp">
      <Filter>MyMath\MyMatrix</Filter>
    </ClCompile>
    <ClCompile Include="Color.cpp">
      <Filter>MyMath\Color</Filter>
    </ClCompile>
    <ClCompile Include="Player.cpp">
      <Filter>Object\Player</Filter>
    </ClCompile>
    <ClCompile Include="Bullet.cpp">
      <Filter>Object\Player\Player_Bullet</Filter>
    </ClCompile>
    <ClCompile Include="Game.cpp">
      <Filter>Game</Filter>
    </ClCompile>
    <ClCompile Include="Enemy.cpp">
      <Filter>Object\Enemy</Filter>
    </ClCompile>
    <ClCompile Include="CollisionManager.cpp">
      <Filter>Manager\CollisionManager</Filter>
    </ClCompile>
    <ClCompile Include="Collider.cpp">
      <Filter>Collider</Filter>
    </ClCompile>
  </ItemGroup>
  <ItemGroup>
    <ClInclude Include="C:\KamataEngine\DirectXGame\audio\Audio.h">
      <Filter>KamataEngine\Include</Filter>
    </ClInclude>
    <ClInclude Include="C:\KamataEngine\DirectXGame\2d\DebugText.h">
      <Filter>KamataEngine\Include</Filter>
    </ClInclude>
    <ClInclude Include="C:\KamataEngine\DirectXGame\base\DirectXCommon.h">
      <Filter>KamataEngine\Include</Filter>
    </ClInclude>
    <ClInclude Include="C:\KamataEngine\DirectXGame\scene\GameScene.h">
      <Filter>KamataEngine\Include</Filter>
    </ClInclude>
    <ClInclude Include="C:\KamataEngine\DirectXGame\input\Input.h">
      <Filter>KamataEngine\Include</Filter>
    </ClInclude>
    <ClInclude Include="C:\KamataEngine\DirectXGame\3d\Model.h">
      <Filter>KamataEngine\Include</Filter>
    </ClInclude>
    <ClInclude Include="C:\KamataEngine\DirectXGame\base\SafeDelete.h">
      <Filter>KamataEngine\Include</Filter>
    </ClInclude>
    <ClInclude Include="C:\KamataEngine\DirectXGame\2d\Sprite.h">
      <Filter>KamataEngine\Include</Filter>
    </ClInclude>
    <ClInclude Include="C:\KamataEngine\DirectXGame\base\TextureManager.h">
      <Filter>KamataEngine\Include</Filter>
    </ClInclude>
    <ClInclude Include="C:\KamataEngine\DirectXGame\3d\ViewProjection.h">
      <Filter>KamataEngine\Include</Filter>
    </ClInclude>
    <ClInclude Include="C:\KamataEngine\DirectXGame\base\WinApp.h">
      <Filter>KamataEngine\Include</Filter>
    </ClInclude>
    <ClInclude Include="C:\KamataEngine\DirectXGame\3d\WorldTransform.h">
      <Filter>KamataEngine\Include</Filter>
    </ClInclude>
    <ClInclude Include="C:\KamataEngine\Adapter\Novice.h">
      <Filter>KamataEngine\Adapter</Filter>
    </ClInclude>
    <ClInclude Include="C:\KamataEngine\DirectXGame\3d\CircleShadow.h">
      <Filter>KamataEngine\Include</Filter>
    </ClInclude>
    <ClInclude Include="C:\KamataEngine\DirectXGame\3d\DebugCamera.h">
      <Filter>KamataEngine\Include</Filter>
    </ClInclude>
    <ClInclude Include="C:\KamataEngine\DirectXGame\3d\DirectionalLight.h">
      <Filter>KamataEngine\Include</Filter>
    </ClInclude>
    <ClInclude Include="C:\KamataEngine\DirectXGame\3d\LightGroup.h">
      <Filter>KamataEngine\Include</Filter>
    </ClInclude>
    <ClInclude Include="C:\KamataEngine\DirectXGame\3d\Material.h">
      <Filter>KamataEngine\Include</Filter>
    </ClInclude>
    <ClInclude Include="C:\KamataEngine\DirectXGame\3d\Mesh.h">
      <Filter>KamataEngine\Include</Filter>
    </ClInclude>
    <ClInclude Include="C:\KamataEngine\DirectXGame\3d\PointLight.h">
      <Filter>KamataEngine\Include</Filter>
    </ClInclude>
    <ClInclude Include="C:\KamataEngine\DirectXGame\3d\SpotLight.h">
      <Filter>KamataEngine\Include</Filter>
    </ClInclude>
    <ClInclude Include="C:\KamataEngine\DirectXGame\base\StringUtility.h">
      <Filter>KamataEngine\Include</Filter>
    </ClInclude>
    <ClInclude Include="Scene_Base.h">
      <Filter>Scene\Scene_Base</Filter>
    </ClInclude>
    <ClInclude Include="Scene_Title.h">
      <Filter>Scene\Scene_Title</Filter>
    </ClInclude>
    <ClInclude Include="Scene_Game.h">
      <Filter>Scene\Scene_Game</Filter>
    </ClInclude>
    <ClInclude Include="SceneManager.h">
      <Filter>Manager\SceneManager</Filter>
    </ClInclude>
    <ClInclude Include="C:\KamataEngine\DirectXGame\2d\ImGuiManager.h">
      <Filter>Manager\ImGuiManager</Filter>
    </ClInclude>
    <ClInclude Include="C:\KamataEngine\DirectXGame\math\Vector2.h">
      <Filter>MyMath\Vector</Filter>
    </ClInclude>
    <ClInclude Include="C:\KamataEngine\DirectXGame\math\Vector3.h">
      <Filter>MyMath\Vector</Filter>
    </ClInclude>
    <ClInclude Include="C:\KamataEngine\DirectXGame\math\Vector4.h">
      <Filter>MyMath\Vector</Filter>
    </ClInclude>
    <ClInclude Include="C:\KamataEngine\DirectXGame\math\Matrix4x4.h">
      <Filter>MyMath\Matrix</Filter>
    </ClInclude>
    <ClInclude Include="Vec2.h">
      <Filter>MyMath\MyVector</Filter>
    </ClInclude>
    <ClInclude Include="Object.h">
      <Filter>Object\Object</Filter>
    </ClInclude>
    <ClInclude Include="Matrix3x3.h">
      <Filter>MyMath\MyMatrix</Filter>
    </ClInclude>
    <ClInclude Include="Color.h">
      <Filter>MyMath\Color</Filter>
    </ClInclude>
    <ClInclude Include="Vertex.h">
      <Filter>MyMath\Vector</Filter>
    </ClInclude>
    <ClInclude Include="Player.h">
      <Filter>Object\Player</Filter>
    </ClInclude>
    <ClInclude Include="Bullet.h">
      <Filter>Object\Player\Player_Bullet</Filter>
    </ClInclude>
    <ClInclude Include="Game.h">
      <Filter>Game</Filter>
    </ClInclude>
    <ClInclude Include="Enemy.h">
      <Filter>Object\Enemy</Filter>
    </ClInclude>
    <ClInclude Include="CollisionManager.h">
      <Filter>Manager\CollisionManager</Filter>
    </ClInclude>
    <ClInclude Include="resource.h" />
    <ClInclude Include="Collider.h">
      <Filter>Collider</Filter>
    </ClInclude>
  </ItemGroup>
  <ItemGroup>
    <ResourceCompile Include="PG2_STG_class_ET.rc" />
  </ItemGroup>
</Project>